
Microsoft Visual Studio Solution File, Format Version 12.00
# Visual Studio Version 17
VisualStudioVersion = 17.9.34902.65
MinimumVisualStudioVersion = 10.0.40219.1
Project("{FAE04EC0-301F-11D3-BF4B-00C04F79EFBC}") = "Domain", "Domain\Domain.csproj", "{08A5AF69-EEBF-48A0-A409-552BC5882FA6}"
EndProject
Project("{FAE04EC0-301F-11D3-BF4B-00C04F79EFBC}") = "Application", "Application\Application.csproj", "{D1BA0959-89C0-421E-B0A5-E8784FAD5FAC}"
EndProject
Global
	GlobalSection(SolutionConfigurationPlatforms) = preSolution
		Debug|Any CPU = Debug|Any CPU
		Release|Any CPU = Release|Any CPU
	EndGlobalSection
	GlobalSection(ProjectConfigurationPlatforms) = postSolution
		{08A5AF69-EEBF-48A0-A409-552BC5882FA6}.Debug|Any CPU.ActiveCfg = Debug|Any CPU
		{08A5AF69-EEBF-48A0-A409-552BC5882FA6}.Debug|Any CPU.Build.0 = Debug|Any CPU
		{08A5AF69-EEBF-48A0-A409-552BC5882FA6}.Release|Any CPU.ActiveCfg = Release|Any CPU
		{08A5AF69-EEBF-48A0-A409-552BC5882FA6}.Release|Any CPU.Build.0 = Release|Any CPU
		{D1BA0959-89C0-421E-B0A5-E8784FAD5FAC}.Debug|Any CPU.ActiveCfg = Debug|Any CPU
		{D1BA0959-89C0-421E-B0A5-E8784FAD5FAC}.Debug|Any CPU.Build.0 = Debug|Any CPU
		{D1BA0959-89C0-421E-B0A5-E8784FAD5FAC}.Release|Any CPU.ActiveCfg = Release|Any CPU
		{D1BA0959-89C0-421E-B0A5-E8784FAD5FAC}.Release|Any CPU.Build.0 = Release|Any CPU
	EndGlobalSection
	GlobalSection(SolutionProperties) = preSolution
		HideSolutionNode = FALSE
	EndGlobalSection
	GlobalSection(ExtensibilityGlobals) = postSolution
		SolutionGuid = {25ECE1D1-CD86-4210-B69D-7A3E4C53186B}
	EndGlobalSection
EndGlobal
